{
  "name": "@platform-organizations/functions",
  "version": "0.0.0",
  "lockfileVersion": 3,
  "requires": true,
  "packages": {
    "": {
      "name": "@platform-organizations/functions",
      "version": "0.0.0",
      "dependencies": {
        "@platform-organizations/core": "file:../core/src",
        "zod": "^3.24.1"
      },
      "devDependencies": {
        "@types/aws-lambda": "^8.10.146"
      }
    },
    "../core": {
      "name": "@platform-organizations/core",
      "version": "0.0.0",
      "dependencies": {
        "sst": "3.3.27",
        "tsx": "^4.19.2"
      },
      "devDependencies": {
        "vitest": "^2.1.4"
      }
    },
    "../core/src": {},
    "node_modules/@platform-organizations/core": {
      "resolved": "../core/src",
      "link": true
    },
    "node_modules/@types/aws-lambda": {
      "version": "8.10.146",
      "resolved": "https://registry.npmjs.org/@types/aws-lambda/-/aws-lambda-8.10.146.tgz",
      "integrity": "sha512-3BaDXYTh0e6UCJYL/jwV/3+GRslSc08toAiZSmleYtkAUyV5rtvdPYxrG/88uqvTuT6sb27WE9OS90ZNTIuQ0g==",
      "dev": true
    },
    "node_modules/zod": {
      "version": "3.24.1",
      "resolved": "https://registry.npmjs.org/zod/-/zod-3.24.1.tgz",
      "integrity": "sha512-muH7gBL9sI1nciMZV67X5fTKKBLtwpZ5VBp1vsOQzj1MhrBZ4wlVCm3gedKZWLp0Oyel8sIGfeiz54Su+OVT+A==",
      "funding": {
        "url": "https://github.com/sponsors/colinhacks"
      }
    }
  }
}
